
Microsoft Visual Studio Solution File, Format Version 12.00
# Visual Studio Version 17
VisualStudioVersion = 17.11.35222.181
MinimumVisualStudioVersion = 10.0.40219.1
Project("{888888A0-9F3D-457C-B088-3A5042F75D52}") = "Práctica 8(1)", "Práctica 8(1).pyproj", "{608CD750-39C4-4DFE-9BEB-59F8E266A380}"
EndProject
Global
	GlobalSection(SolutionConfigurationPlatforms) = preSolution
		Debug|Any CPU = Debug|Any CPU
		Release|Any CPU = Release|Any CPU
	EndGlobalSection
	GlobalSection(ProjectConfigurationPlatforms) = postSolution
		{608CD750-39C4-4DFE-9BEB-59F8E266A380}.Debug|Any CPU.ActiveCfg = Debug|Any CPU
		{608CD750-39C4-4DFE-9BEB-59F8E266A380}.Release|Any CPU.ActiveCfg = Release|Any CPU
	EndGlobalSection
	GlobalSection(SolutionProperties) = preSolution
		HideSolutionNode = FALSE
	EndGlobalSection
	GlobalSection(ExtensibilityGlobals) = postSolution
		SolutionGuid = {86689032-8F83-4D9C-A535-965D8F28BE46}
	EndGlobalSection
EndGlobal
